
Microsoft Visual Studio Solution File, Format Version 12.00
# Visual Studio Version 17
VisualStudioVersion = 17.13.35913.81 d17.13
MinimumVisualStudioVersion = 10.0.40219.1
Project("{FAE04EC0-301F-11D3-BF4B-00C04F79EFBC}") = "DataLoader", "DataLoader\DataLoader.csproj", "{01F8046B-0EDA-4B0C-88BB-E24E7327C9F2}"
EndProject
Global
	GlobalSection(SolutionConfigurationPlatforms) = preSolution
		Debug|Any CPU = Debug|Any CPU
		Release|Any CPU = Release|Any CPU
	EndGlobalSection
	GlobalSection(ProjectConfigurationPlatforms) = postSolution
		{01F8046B-0EDA-4B0C-88BB-E24E7327C9F2}.Debug|Any CPU.ActiveCfg = Debug|Any CPU
		{01F8046B-0EDA-4B0C-88BB-E24E7327C9F2}.Debug|Any CPU.Build.0 = Debug|Any CPU
		{01F8046B-0EDA-4B0C-88BB-E24E7327C9F2}.Release|Any CPU.ActiveCfg = Release|Any CPU
		{01F8046B-0EDA-4B0C-88BB-E24E7327C9F2}.Release|Any CPU.Build.0 = Release|Any CPU
	EndGlobalSection
	GlobalSection(SolutionProperties) = preSolution
		HideSolutionNode = FALSE
	EndGlobalSection
	GlobalSection(ExtensibilityGlobals) = postSolution
		SolutionGuid = {B7506AEE-4726-4537-9C81-10741A2323A9}
	EndGlobalSection
EndGlobal
